// !$*UTF8*$!
{
	archiveVersion = 1;
	classes = {
	};
	objectVersion = 46;
	objects = {

/* Begin PBXBuildFile section */
		545F72D4D056AE7A81B7F919 /* Pods_HipChatJsonify.framework in Frameworks */ = {isa = PBXBuildFile; fileRef = 2E923CB592A74BA373234B0A /* Pods_HipChatJsonify.framework */; };
		5746FCA61D98BBB900FB49BF /* Mention.swift in Sources */ = {isa = PBXBuildFile; fileRef = 5746FCA51D98BBB900FB49BF /* Mention.swift */; };
		5746FCA81D98BBEB00FB49BF /* Emoticon.swift in Sources */ = {isa = PBXBuildFile; fileRef = 5746FCA71D98BBEB00FB49BF /* Emoticon.swift */; };
		574BBF211D9B66E0000EDE2A /* Model.swift in Sources */ = {isa = PBXBuildFile; fileRef = 574BBF201D9B66E0000EDE2A /* Model.swift */; };
		574BBF2D1D9B68B0000EDE2A /* ViewController.swift in Sources */ = {isa = PBXBuildFile; fileRef = 574BBF2C1D9B68B0000EDE2A /* ViewController.swift */; };
		574BBF321D9B68FA000EDE2A /* Main.storyboard in Resources */ = {isa = PBXBuildFile; fileRef = 574BBF301D9B68FA000EDE2A /* Main.storyboard */; };
		576F4CE41D867EED0005EE77 /* Link.swift in Sources */ = {isa = PBXBuildFile; fileRef = 576F4CE31D867EED0005EE77 /* Link.swift */; };
		5779557D1D93763E00493CAD /* Util.swift in Sources */ = {isa = PBXBuildFile; fileRef = 5779557C1D93763E00493CAD /* Util.swift */; };
		578477CA1DA77FC2000BF060 /* LinkTests.swift in Sources */ = {isa = PBXBuildFile; fileRef = 578477C91DA77FC2000BF060 /* LinkTests.swift */; };
		578477CC1DA77FE3000BF060 /* MentionTests.swift in Sources */ = {isa = PBXBuildFile; fileRef = 578477CB1DA77FE3000BF060 /* MentionTests.swift */; };
		578477CE1DA77FF5000BF060 /* EmoticonTests.swift in Sources */ = {isa = PBXBuildFile; fileRef = 578477CD1DA77FF5000BF060 /* EmoticonTests.swift */; };
		57CDB9F81D7903B800611306 /* NetworkManager.swift in Sources */ = {isa = PBXBuildFile; fileRef = 57CDB9F71D7903B800611306 /* NetworkManager.swift */; };
		57CDB9FA1D7CFC5E00611306 /* MatchFinder.swift in Sources */ = {isa = PBXBuildFile; fileRef = 57CDB9F91D7CFC5E00611306 /* MatchFinder.swift */; };
		57FB413E1D9CEBB00052D8FD /* JSONify.swift in Sources */ = {isa = PBXBuildFile; fileRef = 57FB413D1D9CEBB00052D8FD /* JSONify.swift */; };
		F510B7871D60A9C900553252 /* AppDelegate.swift in Sources */ = {isa = PBXBuildFile; fileRef = F510B7861D60A9C900553252 /* AppDelegate.swift */; };
		F510B78E1D60A9C900553252 /* Assets.xcassets in Resources */ = {isa = PBXBuildFile; fileRef = F510B78D1D60A9C900553252 /* Assets.xcassets */; };
		F510B7911D60A9C900553252 /* LaunchScreen.storyboard in Resources */ = {isa = PBXBuildFile; fileRef = F510B78F1D60A9C900553252 /* LaunchScreen.storyboard */; };
		F510B79C1D60A9C900553252 /* HipChatJsonifyTests.swift in Sources */ = {isa = PBXBuildFile; fileRef = F510B79B1D60A9C900553252 /* HipChatJsonifyTests.swift */; };
		F510B7A71D60A9C900553252 /* HipChatJsonifyUITests.swift in Sources */ = {isa = PBXBuildFile; fileRef = F510B7A61D60A9C900553252 /* HipChatJsonifyUITests.swift */; };
		F567EFAD1D6341D500CD87D2 /* UserMsg.swift in Sources */ = {isa = PBXBuildFile; fileRef = F567EFAC1D6341D500CD87D2 /* UserMsg.swift */; };
		F567EFB01D6346AC00CD87D2 /* hjk.cpp in Sources */ = {isa = PBXBuildFile; fileRef = F567EFAE1D6346AC00CD87D2 /* hjk.cpp */; };
		F5C05E211D8458E6007C624B /* GCDispatch.swift in Sources */ = {isa = PBXBuildFile; fileRef = F5C05E201D8458E6007C624B /* GCDispatch.swift */; };
/* End PBXBuildFile section */

/* Begin PBXContainerItemProxy section */
		F510B7981D60A9C900553252 /* PBXContainerItemProxy */ = {
			isa = PBXContainerItemProxy;
			containerPortal = F510B77B1D60A9C900553252 /* Project object */;
			proxyType = 1;
			remoteGlobalIDString = F510B7821D60A9C900553252;
			remoteInfo = HipChatJsonify;
		};
		F510B7A31D60A9C900553252 /* PBXContainerItemProxy */ = {
			isa = PBXContainerItemProxy;
			containerPortal = F510B77B1D60A9C900553252 /* Project object */;
			proxyType = 1;
			remoteGlobalIDString = F510B7821D60A9C900553252;
			remoteInfo = HipChatJsonify;
		};
/* End PBXContainerItemProxy section */

/* Begin PBXFileReference section */
		24B0D8CF4115E87ACAB7275B /* Pods-HipChatJsonify.debug.xcconfig */ = {isa = PBXFileReference; includeInIndex = 1; lastKnownFileType = text.xcconfig; name = "Pods-HipChatJsonify.debug.xcconfig"; path = "Pods/Target Support Files/Pods-HipChatJsonify/Pods-HipChatJsonify.debug.xcconfig"; sourceTree = "<group>"; };
		2E923CB592A74BA373234B0A /* Pods_HipChatJsonify.framework */ = {isa = PBXFileReference; explicitFileType = wrapper.framework; includeInIndex = 0; path = Pods_HipChatJsonify.framework; sourceTree = BUILT_PRODUCTS_DIR; };
		574641841D768E90003976EE /* Validation.playground */ = {isa = PBXFileReference; lastKnownFileType = file.playground; path = Validation.playground; sourceTree = "<group>"; };
		5746FCA51D98BBB900FB49BF /* Mention.swift */ = {isa = PBXFileReference; fileEncoding = 4; lastKnownFileType = sourcecode.swift; path = Mention.swift; sourceTree = "<group>"; };
		5746FCA71D98BBEB00FB49BF /* Emoticon.swift */ = {isa = PBXFileReference; fileEncoding = 4; lastKnownFileType = sourcecode.swift; path = Emoticon.swift; sourceTree = "<group>"; };
		574BBF201D9B66E0000EDE2A /* Model.swift */ = {isa = PBXFileReference; fileEncoding = 4; lastKnownFileType = sourcecode.swift; path = Model.swift; sourceTree = "<group>"; };
		574BBF2C1D9B68B0000EDE2A /* ViewController.swift */ = {isa = PBXFileReference; fileEncoding = 4; lastKnownFileType = sourcecode.swift; path = ViewController.swift; sourceTree = "<group>"; };
		574BBF301D9B68FA000EDE2A /* Main.storyboard */ = {isa = PBXFileReference; fileEncoding = 4; lastKnownFileType = file.storyboard; path = Main.storyboard; sourceTree = "<group>"; };
		576F4CE31D867EED0005EE77 /* Link.swift */ = {isa = PBXFileReference; fileEncoding = 4; lastKnownFileType = sourcecode.swift; path = Link.swift; sourceTree = "<group>"; };
		5779557C1D93763E00493CAD /* Util.swift */ = {isa = PBXFileReference; fileEncoding = 4; lastKnownFileType = sourcecode.swift; path = Util.swift; sourceTree = "<group>"; };
		578477C91DA77FC2000BF060 /* LinkTests.swift */ = {isa = PBXFileReference; fileEncoding = 4; lastKnownFileType = sourcecode.swift; path = LinkTests.swift; sourceTree = "<group>"; };
		578477CB1DA77FE3000BF060 /* MentionTests.swift */ = {isa = PBXFileReference; fileEncoding = 4; lastKnownFileType = sourcecode.swift; path = MentionTests.swift; sourceTree = "<group>"; };
		578477CD1DA77FF5000BF060 /* EmoticonTests.swift */ = {isa = PBXFileReference; fileEncoding = 4; lastKnownFileType = sourcecode.swift; path = EmoticonTests.swift; sourceTree = "<group>"; };
		57CDB9F71D7903B800611306 /* NetworkManager.swift */ = {isa = PBXFileReference; fileEncoding = 4; lastKnownFileType = sourcecode.swift; path = NetworkManager.swift; sourceTree = "<group>"; };
		57CDB9F91D7CFC5E00611306 /* MatchFinder.swift */ = {isa = PBXFileReference; fileEncoding = 4; lastKnownFileType = sourcecode.swift; path = MatchFinder.swift; sourceTree = "<group>"; };
		57FB413D1D9CEBB00052D8FD /* JSONify.swift */ = {isa = PBXFileReference; fileEncoding = 4; lastKnownFileType = sourcecode.swift; path = JSONify.swift; sourceTree = "<group>"; };
		7F23E3C82B98F9212D2B18D4 /* Pods-HipChatJsonify.release.xcconfig */ = {isa = PBXFileReference; includeInIndex = 1; lastKnownFileType = text.xcconfig; name = "Pods-HipChatJsonify.release.xcconfig"; path = "Pods/Target Support Files/Pods-HipChatJsonify/Pods-HipChatJsonify.release.xcconfig"; sourceTree = "<group>"; };
		F510B7831D60A9C900553252 /* HipChatJsonify.app */ = {isa = PBXFileReference; explicitFileType = wrapper.application; includeInIndex = 0; path = HipChatJsonify.app; sourceTree = BUILT_PRODUCTS_DIR; };
		F510B7861D60A9C900553252 /* AppDelegate.swift */ = {isa = PBXFileReference; lastKnownFileType = sourcecode.swift; path = AppDelegate.swift; sourceTree = "<group>"; };
		F510B78D1D60A9C900553252 /* Assets.xcassets */ = {isa = PBXFileReference; lastKnownFileType = folder.assetcatalog; path = Assets.xcassets; sourceTree = "<group>"; };
		F510B7901D60A9C900553252 /* Base */ = {isa = PBXFileReference; lastKnownFileType = file.storyboard; name = Base; path = Base.lproj/LaunchScreen.storyboard; sourceTree = "<group>"; };
		F510B7921D60A9C900553252 /* Info.plist */ = {isa = PBXFileReference; lastKnownFileType = text.plist.xml; path = Info.plist; sourceTree = "<group>"; };
		F510B7971D60A9C900553252 /* HipChatJsonifyTests.xctest */ = {isa = PBXFileReference; explicitFileType = wrapper.cfbundle; includeInIndex = 0; path = HipChatJsonifyTests.xctest; sourceTree = BUILT_PRODUCTS_DIR; };
		F510B79B1D60A9C900553252 /* HipChatJsonifyTests.swift */ = {isa = PBXFileReference; lastKnownFileType = sourcecode.swift; path = HipChatJsonifyTests.swift; sourceTree = "<group>"; };
		F510B79D1D60A9C900553252 /* Info.plist */ = {isa = PBXFileReference; lastKnownFileType = text.plist.xml; path = Info.plist; sourceTree = "<group>"; };
		F510B7A21D60A9C900553252 /* HipChatJsonifyUITests.xctest */ = {isa = PBXFileReference; explicitFileType = wrapper.cfbundle; includeInIndex = 0; path = HipChatJsonifyUITests.xctest; sourceTree = BUILT_PRODUCTS_DIR; };
		F510B7A61D60A9C900553252 /* HipChatJsonifyUITests.swift */ = {isa = PBXFileReference; lastKnownFileType = sourcecode.swift; path = HipChatJsonifyUITests.swift; sourceTree = "<group>"; };
		F510B7A81D60A9C900553252 /* Info.plist */ = {isa = PBXFileReference; lastKnownFileType = text.plist.xml; path = Info.plist; sourceTree = "<group>"; };
		F567EFAC1D6341D500CD87D2 /* UserMsg.swift */ = {isa = PBXFileReference; fileEncoding = 4; lastKnownFileType = sourcecode.swift; path = UserMsg.swift; sourceTree = "<group>"; };
		F567EFAE1D6346AC00CD87D2 /* hjk.cpp */ = {isa = PBXFileReference; fileEncoding = 4; lastKnownFileType = sourcecode.cpp.cpp; path = hjk.cpp; sourceTree = "<group>"; };
		F567EFAF1D6346AC00CD87D2 /* hjk.hpp */ = {isa = PBXFileReference; fileEncoding = 4; lastKnownFileType = sourcecode.cpp.h; path = hjk.hpp; sourceTree = "<group>"; };
		F5C05E201D8458E6007C624B /* GCDispatch.swift */ = {isa = PBXFileReference; fileEncoding = 4; lastKnownFileType = sourcecode.swift; path = GCDispatch.swift; sourceTree = "<group>"; };
/* End PBXFileReference section */

/* Begin PBXFrameworksBuildPhase section */
		F510B7801D60A9C900553252 /* Frameworks */ = {
			isa = PBXFrameworksBuildPhase;
			buildActionMask = 2147483647;
			files = (
				545F72D4D056AE7A81B7F919 /* Pods_HipChatJsonify.framework in Frameworks */,
			);
			runOnlyForDeploymentPostprocessing = 0;
		};
		F510B7941D60A9C900553252 /* Frameworks */ = {
			isa = PBXFrameworksBuildPhase;
			buildActionMask = 2147483647;
			files = (
			);
			runOnlyForDeploymentPostprocessing = 0;
		};
		F510B79F1D60A9C900553252 /* Frameworks */ = {
			isa = PBXFrameworksBuildPhase;
			buildActionMask = 2147483647;
			files = (
			);
			runOnlyForDeploymentPostprocessing = 0;
		};
/* End PBXFrameworksBuildPhase section */

/* Begin PBXGroup section */
		574BBF2E1D9B68FA000EDE2A /* Views */ = {
			isa = PBXGroup;
			children = (
				574BBF301D9B68FA000EDE2A /* Main.storyboard */,
			);
			path = Views;
			sourceTree = "<group>";
		};
		734D4A56CA1DF9EBFD4DCB9B /* Pods */ = {
			isa = PBXGroup;
			children = (
				24B0D8CF4115E87ACAB7275B /* Pods-HipChatJsonify.debug.xcconfig */,
				7F23E3C82B98F9212D2B18D4 /* Pods-HipChatJsonify.release.xcconfig */,
			);
			name = Pods;
			sourceTree = "<group>";
		};
		D55A8404EE4C294DAD23E80D /* Frameworks */ = {
			isa = PBXGroup;
			children = (
				2E923CB592A74BA373234B0A /* Pods_HipChatJsonify.framework */,
			);
			name = Frameworks;
			sourceTree = "<group>";
		};
		F510B77A1D60A9C900553252 = {
			isa = PBXGroup;
			children = (
				F510B7851D60A9C900553252 /* HipChatJsonify */,
				F510B79A1D60A9C900553252 /* HipChatJsonifyTests */,
				F510B7A51D60A9C900553252 /* HipChatJsonifyUITests */,
				F510B7841D60A9C900553252 /* Products */,
				734D4A56CA1DF9EBFD4DCB9B /* Pods */,
				D55A8404EE4C294DAD23E80D /* Frameworks */,
			);
			sourceTree = "<group>";
		};
		F510B7841D60A9C900553252 /* Products */ = {
			isa = PBXGroup;
			children = (
				F510B7831D60A9C900553252 /* HipChatJsonify.app */,
				F510B7971D60A9C900553252 /* HipChatJsonifyTests.xctest */,
				F510B7A21D60A9C900553252 /* HipChatJsonifyUITests.xctest */,
			);
			name = Products;
			sourceTree = "<group>";
		};
		F510B7851D60A9C900553252 /* HipChatJsonify */ = {
			isa = PBXGroup;
			children = (
				574BBF2E1D9B68FA000EDE2A /* Views */,
				F567EFA91D633CF000CD87D2 /* Controllers */,
				F567EFAA1D633CF000CD87D2 /* Helpers */,
				F567EFAB1D633CF000CD87D2 /* Models */,
				F567EFA81D633C1100CD87D2 /* Stores */,
				F510B7861D60A9C900553252 /* AppDelegate.swift */,
				F510B78D1D60A9C900553252 /* Assets.xcassets */,
				F510B78F1D60A9C900553252 /* LaunchScreen.storyboard */,
				F510B7921D60A9C900553252 /* Info.plist */,
			);
			path = HipChatJsonify;
			sourceTree = "<group>";
		};
		F510B79A1D60A9C900553252 /* HipChatJsonifyTests */ = {
			isa = PBXGroup;
			children = (
				F510B79B1D60A9C900553252 /* HipChatJsonifyTests.swift */,
				F510B79D1D60A9C900553252 /* Info.plist */,
				578477C91DA77FC2000BF060 /* LinkTests.swift */,
				578477CB1DA77FE3000BF060 /* MentionTests.swift */,
				578477CD1DA77FF5000BF060 /* EmoticonTests.swift */,
			);
			path = HipChatJsonifyTests;
			sourceTree = "<group>";
		};
		F510B7A51D60A9C900553252 /* HipChatJsonifyUITests */ = {
			isa = PBXGroup;
			children = (
				F510B7A61D60A9C900553252 /* HipChatJsonifyUITests.swift */,
				F510B7A81D60A9C900553252 /* Info.plist */,
			);
			path = HipChatJsonifyUITests;
			sourceTree = "<group>";
		};
		F567EFA81D633C1100CD87D2 /* Stores */ = {
			isa = PBXGroup;
			children = (
				F567EFAF1D6346AC00CD87D2 /* hjk.hpp */,
				F567EFAE1D6346AC00CD87D2 /* hjk.cpp */,
			);
			path = Stores;
			sourceTree = "<group>";
		};
		F567EFA91D633CF000CD87D2 /* Controllers */ = {
			isa = PBXGroup;
			children = (
				574BBF2C1D9B68B0000EDE2A /* ViewController.swift */,
			);
			path = Controllers;
			sourceTree = "<group>";
		};
		F567EFAA1D633CF000CD87D2 /* Helpers */ = {
			isa = PBXGroup;
			children = (
				574641841D768E90003976EE /* Validation.playground */,
				57CDB9F71D7903B800611306 /* NetworkManager.swift */,
				57CDB9F91D7CFC5E00611306 /* MatchFinder.swift */,
				F5C05E201D8458E6007C624B /* GCDispatch.swift */,
				5779557C1D93763E00493CAD /* Util.swift */,
				57FB413D1D9CEBB00052D8FD /* JSONify.swift */,
			);
			path = Helpers;
			sourceTree = "<group>";
		};
		F567EFAB1D633CF000CD87D2 /* Models */ = {
			isa = PBXGroup;
			children = (
				F567EFAC1D6341D500CD87D2 /* UserMsg.swift */,
				576F4CE31D867EED0005EE77 /* Link.swift */,
				5746FCA51D98BBB900FB49BF /* Mention.swift */,
				5746FCA71D98BBEB00FB49BF /* Emoticon.swift */,
				574BBF201D9B66E0000EDE2A /* Model.swift */,
			);
			path = Models;
			sourceTree = "<group>";
		};
/* End PBXGroup section */

/* Begin PBXNativeTarget section */
		F510B7821D60A9C900553252 /* HipChatJsonify */ = {
			isa = PBXNativeTarget;
			buildConfigurationList = F510B7AB1D60A9C900553252 /* Build configuration list for PBXNativeTarget "HipChatJsonify" */;
			buildPhases = (
				FABA6A9FD1D8873ECEC60860 /* [CP] Check Pods Manifest.lock */,
				F510B77F1D60A9C900553252 /* Sources */,
				F510B7801D60A9C900553252 /* Frameworks */,
				F510B7811D60A9C900553252 /* Resources */,
				C294EF95D88A9C757F8A0BCD /* [CP] Embed Pods Frameworks */,
				9E2F1787A4FEA99FAF8BB487 /* [CP] Copy Pods Resources */,
			);
			buildRules = (
			);
			dependencies = (
			);
			name = HipChatJsonify;
			productName = HipChatJsonify;
			productReference = F510B7831D60A9C900553252 /* HipChatJsonify.app */;
			productType = "com.apple.product-type.application";
		};
		F510B7961D60A9C900553252 /* HipChatJsonifyTests */ = {
			isa = PBXNativeTarget;
			buildConfigurationList = F510B7AE1D60A9C900553252 /* Build configuration list for PBXNativeTarget "HipChatJsonifyTests" */;
			buildPhases = (
				F510B7931D60A9C900553252 /* Sources */,
				F510B7941D60A9C900553252 /* Frameworks */,
				F510B7951D60A9C900553252 /* Resources */,
			);
			buildRules = (
			);
			dependencies = (
				F510B7991D60A9C900553252 /* PBXTargetDependency */,
			);
			name = HipChatJsonifyTests;
			productName = HipChatJsonifyTests;
			productReference = F510B7971D60A9C900553252 /* HipChatJsonifyTests.xctest */;
			productType = "com.apple.product-type.bundle.unit-test";
		};
		F510B7A11D60A9C900553252 /* HipChatJsonifyUITests */ = {
			isa = PBXNativeTarget;
			buildConfigurationList = F510B7B11D60A9C900553252 /* Build configuration list for PBXNativeTarget "HipChatJsonifyUITests" */;
			buildPhases = (
				F510B79E1D60A9C900553252 /* Sources */,
				F510B79F1D60A9C900553252 /* Frameworks */,
				F510B7A01D60A9C900553252 /* Resources */,
			);
			buildRules = (
			);
			dependencies = (
				F510B7A41D60A9C900553252 /* PBXTargetDependency */,
			);
			name = HipChatJsonifyUITests;
			productName = HipChatJsonifyUITests;
			productReference = F510B7A21D60A9C900553252 /* HipChatJsonifyUITests.xctest */;
			productType = "com.apple.product-type.bundle.ui-testing";
		};
/* End PBXNativeTarget section */

/* Begin PBXProject section */
		F510B77B1D60A9C900553252 /* Project object */ = {
			isa = PBXProject;
			attributes = {
				LastSwiftUpdateCheck = 0730;
				LastUpgradeCheck = 0730;
				ORGANIZATIONNAME = "Reza Farahani";
				TargetAttributes = {
					F510B7821D60A9C900553252 = {
						CreatedOnToolsVersion = 7.3.1;
						DevelopmentTeam = W4HVNQTX75;
						LastSwiftMigration = 0800;
					};
					F510B7961D60A9C900553252 = {
						CreatedOnToolsVersion = 7.3.1;
						DevelopmentTeam = W4HVNQTX75;
						TestTargetID = F510B7821D60A9C900553252;
					};
					F510B7A11D60A9C900553252 = {
						CreatedOnToolsVersion = 7.3.1;
						DevelopmentTeam = W4HVNQTX75;
						TestTargetID = F510B7821D60A9C900553252;
					};
				};
			};
			buildConfigurationList = F510B77E1D60A9C900553252 /* Build configuration list for PBXProject "HipChatJsonify" */;
			compatibilityVersion = "Xcode 3.2";
			developmentRegion = English;
			hasScannedForEncodings = 0;
			knownRegions = (
				en,
				Base,
			);
			mainGroup = F510B77A1D60A9C900553252;
			productRefGroup = F510B7841D60A9C900553252 /* Products */;
			projectDirPath = "";
			projectRoot = "";
			targets = (
				F510B7821D60A9C900553252 /* HipChatJsonify */,
				F510B7961D60A9C900553252 /* HipChatJsonifyTests */,
				F510B7A11D60A9C900553252 /* HipChatJsonifyUITests */,
			);
		};
/* End PBXProject section */

/* Begin PBXResourcesBuildPhase section */
		F510B7811D60A9C900553252 /* Resources */ = {
			isa = PBXResourcesBuildPhase;
			buildActionMask = 2147483647;
			files = (
				F510B7911D60A9C900553252 /* LaunchScreen.storyboard in Resources */,
				F510B78E1D60A9C900553252 /* Assets.xcassets in Resources */,
				574BBF321D9B68FA000EDE2A /* Main.storyboard in Resources */,
			);
			runOnlyForDeploymentPostprocessing = 0;
		};
		F510B7951D60A9C900553252 /* Resources */ = {
			isa = PBXResourcesBuildPhase;
			buildActionMask = 2147483647;
			files = (
			);
			runOnlyForDeploymentPostprocessing = 0;
		};
		F510B7A01D60A9C900553252 /* Resources */ = {
			isa = PBXResourcesBuildPhase;
			buildActionMask = 2147483647;
			files = (
			);
			runOnlyForDeploymentPostprocessing = 0;
		};
/* End PBXResourcesBuildPhase section */

/* Begin PBXShellScriptBuildPhase section */
		9E2F1787A4FEA99FAF8BB487 /* [CP] Copy Pods Resources */ = {
			isa = PBXShellScriptBuildPhase;
			buildActionMask = 2147483647;
			files = (
			);
			inputPaths = (
			);
			name = "[CP] Copy Pods Resources";
			outputPaths = (
			);
			runOnlyForDeploymentPostprocessing = 0;
			shellPath = /bin/sh;
			shellScript = "\"${SRCROOT}/Pods/Target Support Files/Pods-HipChatJsonify/Pods-HipChatJsonify-resources.sh\"\n";
			showEnvVarsInLog = 0;
		};
		C294EF95D88A9C757F8A0BCD /* [CP] Embed Pods Frameworks */ = {
			isa = PBXShellScriptBuildPhase;
			buildActionMask = 2147483647;
			files = (
			);
			inputPaths = (
			);
			name = "[CP] Embed Pods Frameworks";
			outputPaths = (
			);
			runOnlyForDeploymentPostprocessing = 0;
			shellPath = /bin/sh;
			shellScript = "\"${SRCROOT}/Pods/Target Support Files/Pods-HipChatJsonify/Pods-HipChatJsonify-frameworks.sh\"\n";
			showEnvVarsInLog = 0;
		};
		FABA6A9FD1D8873ECEC60860 /* [CP] Check Pods Manifest.lock */ = {
			isa = PBXShellScriptBuildPhase;
			buildActionMask = 2147483647;
			files = (
			);
			inputPaths = (
			);
			name = "[CP] Check Pods Manifest.lock";
			outputPaths = (
			);
			runOnlyForDeploymentPostprocessing = 0;
			shellPath = /bin/sh;
			shellScript = "diff \"${PODS_ROOT}/../Podfile.lock\" \"${PODS_ROOT}/Manifest.lock\" > /dev/null\nif [[ $? != 0 ]] ; then\n    cat << EOM\nerror: The sandbox is not in sync with the Podfile.lock. Run 'pod install' or update your CocoaPods installation.\nEOM\n    exit 1\nfi\n";
			showEnvVarsInLog = 0;
		};
/* End PBXShellScriptBuildPhase section */

/* Begin PBXSourcesBuildPhase section */
		F510B77F1D60A9C900553252 /* Sources */ = {
			isa = PBXSourcesBuildPhase;
			buildActionMask = 2147483647;
			files = (
				5746FCA61D98BBB900FB49BF /* Mention.swift in Sources */,
				57CDB9FA1D7CFC5E00611306 /* MatchFinder.swift in Sources */,
				57FB413E1D9CEBB00052D8FD /* JSONify.swift in Sources */,
				F567EFAD1D6341D500CD87D2 /* UserMsg.swift in Sources */,
				F567EFB01D6346AC00CD87D2 /* hjk.cpp in Sources */,
				57CDB9F81D7903B800611306 /* NetworkManager.swift in Sources */,
				F5C05E211D8458E6007C624B /* GCDispatch.swift in Sources */,
				574BBF211D9B66E0000EDE2A /* Model.swift in Sources */,
				5779557D1D93763E00493CAD /* Util.swift in Sources */,
				574BBF2D1D9B68B0000EDE2A /* ViewController.swift in Sources */,
				5746FCA81D98BBEB00FB49BF /* Emoticon.swift in Sources */,
				F510B7871D60A9C900553252 /* AppDelegate.swift in Sources */,
				576F4CE41D867EED0005EE77 /* Link.swift in Sources */,
			);
			runOnlyForDeploymentPostprocessing = 0;
		};
		F510B7931D60A9C900553252 /* Sources */ = {
			isa = PBXSourcesBuildPhase;
			buildActionMask = 2147483647;
			files = (
				F510B79C1D60A9C900553252 /* HipChatJsonifyTests.swift in Sources */,
				578477CA1DA77FC2000BF060 /* LinkTests.swift in Sources */,
				578477CC1DA77FE3000BF060 /* MentionTests.swift in Sources */,
				578477CE1DA77FF5000BF060 /* EmoticonTests.swift in Sources */,
			);
			runOnlyForDeploymentPostprocessing = 0;
		};
		F510B79E1D60A9C900553252 /* Sources */ = {
			isa = PBXSourcesBuildPhase;
			buildActionMask = 2147483647;
			files = (
				F510B7A71D60A9C900553252 /* HipChatJsonifyUITests.swift in Sources */,
			);
			runOnlyForDeploymentPostprocessing = 0;
		};
/* End PBXSourcesBuildPhase section */

/* Begin PBXTargetDependency section */
		F510B7991D60A9C900553252 /* PBXTargetDependency */ = {
			isa = PBXTargetDependency;
			target = F510B7821D60A9C900553252 /* HipChatJsonify */;
			targetProxy = F510B7981D60A9C900553252 /* PBXContainerItemProxy */;
		};
		F510B7A41D60A9C900553252 /* PBXTargetDependency */ = {
			isa = PBXTargetDependency;
			target = F510B7821D60A9C900553252 /* HipChatJsonify */;
			targetProxy = F510B7A31D60A9C900553252 /* PBXContainerItemProxy */;
		};
/* End PBXTargetDependency section */

/* Begin PBXVariantGroup section */
		F510B78F1D60A9C900553252 /* LaunchScreen.storyboard */ = {
			isa = PBXVariantGroup;
			children = (
				F510B7901D60A9C900553252 /* Base */,
			);
			name = LaunchScreen.storyboard;
			sourceTree = "<group>";
		};
/* End PBXVariantGroup section */

/* Begin XCBuildConfiguration section */
		F510B7A91D60A9C900553252 /* Debug */ = {
			isa = XCBuildConfiguration;
			buildSettings = {
				ALWAYS_SEARCH_USER_PATHS = NO;
				CLANG_ANALYZER_NONNULL = YES;
				CLANG_CXX_LANGUAGE_STANDARD = "gnu++0x";
				CLANG_CXX_LIBRARY = "libc++";
				CLANG_ENABLE_MODULES = YES;
				CLANG_ENABLE_OBJC_ARC = YES;
				CLANG_WARN_BOOL_CONVERSION = YES;
				CLANG_WARN_CONSTANT_CONVERSION = YES;
				CLANG_WARN_DIRECT_OBJC_ISA_USAGE = YES_ERROR;
				CLANG_WARN_EMPTY_BODY = YES;
				CLANG_WARN_ENUM_CONVERSION = YES;
				CLANG_WARN_INT_CONVERSION = YES;
				CLANG_WARN_OBJC_ROOT_CLASS = YES_ERROR;
				CLANG_WARN_UNREACHABLE_CODE = YES;
				CLANG_WARN__DUPLICATE_METHOD_MATCH = YES;
				"CODE_SIGN_IDENTITY[sdk=iphoneos*]" = "iPhone Developer";
				COPY_PHASE_STRIP = NO;
				DEBUG_INFORMATION_FORMAT = dwarf;
				ENABLE_STRICT_OBJC_MSGSEND = YES;
				ENABLE_TESTABILITY = YES;
				GCC_C_LANGUAGE_STANDARD = gnu99;
				GCC_DYNAMIC_NO_PIC = NO;
				GCC_NO_COMMON_BLOCKS = YES;
				GCC_OPTIMIZATION_LEVEL = 0;
				GCC_PREPROCESSOR_DEFINITIONS = (
					"DEBUG=1",
					"$(inherited)",
				);
				GCC_WARN_64_TO_32_BIT_CONVERSION = YES;
				GCC_WARN_ABOUT_RETURN_TYPE = YES_ERROR;
				GCC_WARN_UNDECLARED_SELECTOR = YES;
				GCC_WARN_UNINITIALIZED_AUTOS = YES_AGGRESSIVE;
				GCC_WARN_UNUSED_FUNCTION = YES;
				GCC_WARN_UNUSED_VARIABLE = YES;
				IPHONEOS_DEPLOYMENT_TARGET = 9.3;
				MTL_ENABLE_DEBUG_INFO = YES;
				ONLY_ACTIVE_ARCH = YES;
				SDKROOT = iphoneos;
				SWIFT_OPTIMIZATION_LEVEL = "-Onone";
			};
			name = Debug;
		};
		F510B7AA1D60A9C900553252 /* Release */ = {
			isa = XCBuildConfiguration;
			buildSettings = {
				ALWAYS_SEARCH_USER_PATHS = NO;
				CLANG_ANALYZER_NONNULL = YES;
				CLANG_CXX_LANGUAGE_STANDARD = "gnu++0x";
				CLANG_CXX_LIBRARY = "libc++";
				CLANG_ENABLE_MODULES = YES;
				CLANG_ENABLE_OBJC_ARC = YES;
				CLANG_WARN_BOOL_CONVERSION = YES;
				CLANG_WARN_CONSTANT_CONVERSION = YES;
				CLANG_WARN_DIRECT_OBJC_ISA_USAGE = YES_ERROR;
				CLANG_WARN_EMPTY_BODY = YES;
				CLANG_WARN_ENUM_CONVERSION = YES;
				CLANG_WARN_INT_CONVERSION = YES;
				CLANG_WARN_OBJC_ROOT_CLASS = YES_ERROR;
				CLANG_WARN_UNREACHABLE_CODE = YES;
				CLANG_WARN__DUPLICATE_METHOD_MATCH = YES;
				"CODE_SIGN_IDENTITY[sdk=iphoneos*]" = "iPhone Developer";
				COPY_PHASE_STRIP = NO;
				DEBUG_INFORMATION_FORMAT = "dwarf-with-dsym";
				ENABLE_NS_ASSERTIONS = NO;
				ENABLE_STRICT_OBJC_MSGSEND = YES;
				GCC_C_LANGUAGE_STANDARD = gnu99;
				GCC_NO_COMMON_BLOCKS = YES;
				GCC_WARN_64_TO_32_BIT_CONVERSION = YES;
				GCC_WARN_ABOUT_RETURN_TYPE = YES_ERROR;
				GCC_WARN_UNDECLARED_SELECTOR = YES;
				GCC_WARN_UNINITIALIZED_AUTOS = YES_AGGRESSIVE;
				GCC_WARN_UNUSED_FUNCTION = YES;
				GCC_WARN_UNUSED_VARIABLE = YES;
				IPHONEOS_DEPLOYMENT_TARGET = 9.3;
				MTL_ENABLE_DEBUG_INFO = NO;
				SDKROOT = iphoneos;
				VALIDATE_PRODUCT = YES;
			};
			name = Release;
		};
		F510B7AC1D60A9C900553252 /* Debug */ = {
			isa = XCBuildConfiguration;
			baseConfigurationReference = 24B0D8CF4115E87ACAB7275B /* Pods-HipChatJsonify.debug.xcconfig */;
			buildSettings = {
				ASSETCATALOG_COMPILER_APPICON_NAME = AppIcon;
				CLANG_ENABLE_MODULES = YES;
				ENABLE_BITCODE = YES;
				INFOPLIST_FILE = HipChatJsonify/Info.plist;
				LD_RUNPATH_SEARCH_PATHS = "$(inherited) @executable_path/Frameworks";
				PRODUCT_BUNDLE_IDENTIFIER = reza.farahani.HipChatJsonify;
				PRODUCT_NAME = "$(TARGET_NAME)";
				SWIFT_OPTIMIZATION_LEVEL = "-Onone";
				SWIFT_VERSION = 3.0;
			};
			name = Debug;
		};
		F510B7AD1D60A9C900553252 /* Release */ = {
			isa = XCBuildConfiguration;
			baseConfigurationReference = 7F23E3C82B98F9212D2B18D4 /* Pods-HipChatJsonify.release.xcconfig */;
			buildSettings = {
				ASSETCATALOG_COMPILER_APPICON_NAME = AppIcon;
				CLANG_ENABLE_MODULES = YES;
				ENABLE_BITCODE = YES;
				INFOPLIST_FILE = HipChatJsonify/Info.plist;
				LD_RUNPATH_SEARCH_PATHS = "$(inherited) @executable_path/Frameworks";
				PRODUCT_BUNDLE_IDENTIFIER = reza.farahani.HipChatJsonify;
				PRODUCT_NAME = "$(TARGET_NAME)";
				SWIFT_VERSION = 3.0;
			};
			name = Release;
		};
		F510B7AF1D60A9C900553252 /* Debug */ = {
			isa = XCBuildConfiguration;
			buildSettings = {
				BUNDLE_LOADER = "$(TEST_HOST)";
				INFOPLIST_FILE = HipChatJsonifyTests/Info.plist;
				LD_RUNPATH_SEARCH_PATHS = "$(inherited) @executable_path/Frameworks @loader_path/Frameworks";
				PRODUCT_BUNDLE_IDENTIFIER = reza.farahani.HipChatJsonifyTests;
				PRODUCT_NAME = "$(TARGET_NAME)";
				TEST_HOST = "$(BUILT_PRODUCTS_DIR)/HipChatJsonify.app/HipChatJsonify";
			};
			name = Debug;
		};
		F510B7B01D60A9C900553252 /* Release */ = {
			isa = XCBuildConfiguration;
			buildSettings = {
				BUNDLE_LOADER = "$(TEST_HOST)";
				INFOPLIST_FILE = HipChatJsonifyTests/Info.plist;
				LD_RUNPATH_SEARCH_PATHS = "$(inherited) @executable_path/Frameworks @loader_path/Frameworks";
				PRODUCT_BUNDLE_IDENTIFIER = reza.farahani.HipChatJsonifyTests;
				PRODUCT_NAME = "$(TARGET_NAME)";
				TEST_HOST = "$(BUILT_PRODUCTS_DIR)/HipChatJsonify.app/HipChatJsonify";
			};
			name = Release;
		};
		F510B7B21D60A9C900553252 /* Debug */ = {
			isa = XCBuildConfiguration;
			buildSettings = {
				INFOPLIST_FILE = HipChatJsonifyUITests/Info.plist;
				LD_RUNPATH_SEARCH_PATHS = "$(inherited) @executable_path/Frameworks @loader_path/Frameworks";
				PRODUCT_BUNDLE_IDENTIFIER = reza.farahani.HipChatJsonifyUITests;
				PRODUCT_NAME = "$(TARGET_NAME)";
				TEST_TARGET_NAME = HipChatJsonify;
			};
			name = Debug;
		};
		F510B7B31D60A9C900553252 /* Release */ = {
			isa = XCBuildConfiguration;
			buildSettings = {
				INFOPLIST_FILE = HipChatJsonifyUITests/Info.plist;
				LD_RUNPATH_SEARCH_PATHS = "$(inherited) @executable_path/Frameworks @loader_path/Frameworks";
				PRODUCT_BUNDLE_IDENTIFIER = reza.farahani.HipChatJsonifyUITests;
				PRODUCT_NAME = "$(TARGET_NAME)";
				TEST_TARGET_NAME = HipChatJsonify;
			};
			name = Release;
		};
/* End XCBuildConfiguration section */

/* Begin XCConfigurationList section */
		F510B77E1D60A9C900553252 /* Build configuration list for PBXProject "HipChatJsonify" */ = {
			isa = XCConfigurationList;
			buildConfigurations = (
				F510B7A91D60A9C900553252 /* Debug */,
				F510B7AA1D60A9C900553252 /* Release */,
			);
			defaultConfigurationIsVisible = 0;
			defaultConfigurationName = Release;
		};
		F510B7AB1D60A9C900553252 /* Build configuration list for PBXNativeTarget "HipChatJsonify" */ = {
			isa = XCConfigurationList;
			buildConfigurations = (
				F510B7AC1D60A9C900553252 /* Debug */,
				F510B7AD1D60A9C900553252 /* Release */,
			);
			defaultConfigurationIsVisible = 0;
			defaultConfigurationName = Release;
		};
		F510B7AE1D60A9C900553252 /* Build configuration list for PBXNativeTarget "HipChatJsonifyTests" */ = {
			isa = XCConfigurationList;
			buildConfigurations = (
				F510B7AF1D60A9C900553252 /* Debug */,
				F510B7B01D60A9C900553252 /* Release */,
			);
			defaultConfigurationIsVisible = 0;
			defaultConfigurationName = Release;
		};
		F510B7B11D60A9C900553252 /* Build configuration list for PBXNativeTarget "HipChatJsonifyUITests" */ = {
			isa = XCConfigurationList;
			buildConfigurations = (
				F510B7B21D60A9C900553252 /* Debug */,
				F510B7B31D60A9C900553252 /* Release */,
			);
			defaultConfigurationIsVisible = 0;
			defaultConfigurationName = Release;
		};
/* End XCConfigurationList section */
	};
	rootObject = F510B77B1D60A9C900553252 /* Project object */;
}
